
Microsoft Visual Studio Solution File, Format Version 12.00
# Visual Studio Version 16
VisualStudioVersion = 16.0.30320.27
MinimumVisualStudioVersion = 10.0.40219.1
Project("{8BC9CEB8-8B4A-11D0-8D11-00A0C91BC942}") = "Project2", "Project2\Project2.vcxproj", "{3066C70C-2B49-4B69-AD83-7527A159163E}"
EndProject
Project("{8BC9CEB8-8B4A-11D0-8D11-00A0C91BC942}") = "SampleIME", "SampleIME\SampleIME\SampleIME.vcxproj", "{0C8FE010-5146-44D8-AF99-82702C15FEA5}"
EndProject
Project("{8BC9CEB8-8B4A-11D0-8D11-00A0C91BC942}") = "IMETest", "SampleIME\IMETest\IMETest.vcxproj", "{51318C04-C87B-4D98-B923-F490783AF4A1}"
EndProject
Project("{8BC9CEB8-8B4A-11D0-8D11-00A0C91BC942}") = "IMEInstall", "SampleIME\IMEInstall\IMEInstall.vcxproj", "{840F0BAE-2919-459B-AF91-CB4795DCB69F}"
EndProject
Project("{8BC9CEB8-8B4A-11D0-8D11-00A0C91BC942}") = "Temp", "Temp\Temp\Temp.vcxproj", "{7F791202-5226-45ED-857B-B4895F726933}"
EndProject
Global
	GlobalSection(SolutionConfigurationPlatforms) = preSolution
		Debug|x64 = Debug|x64
		Debug|x86 = Debug|x86
		Release|x64 = Release|x64
		Release|x86 = Release|x86
	EndGlobalSection
	GlobalSection(ProjectConfigurationPlatforms) = postSolution
		{3066C70C-2B49-4B69-AD83-7527A159163E}.Debug|x64.ActiveCfg = Debug|x64
		{3066C70C-2B49-4B69-AD83-7527A159163E}.Debug|x64.Build.0 = Debug|x64
		{3066C70C-2B49-4B69-AD83-7527A159163E}.Debug|x86.ActiveCfg = Debug|Win32
		{3066C70C-2B49-4B69-AD83-7527A159163E}.Debug|x86.Build.0 = Debug|Win32
		{3066C70C-2B49-4B69-AD83-7527A159163E}.Release|x64.ActiveCfg = Release|x64
		{3066C70C-2B49-4B69-AD83-7527A159163E}.Release|x64.Build.0 = Release|x64
		{3066C70C-2B49-4B69-AD83-7527A159163E}.Release|x86.ActiveCfg = Release|Win32
		{3066C70C-2B49-4B69-AD83-7527A159163E}.Release|x86.Build.0 = Release|Win32
		{0C8FE010-5146-44D8-AF99-82702C15FEA5}.Debug|x64.ActiveCfg = Debug|x64
		{0C8FE010-5146-44D8-AF99-82702C15FEA5}.Debug|x64.Build.0 = Debug|x64
		{0C8FE010-5146-44D8-AF99-82702C15FEA5}.Debug|x86.ActiveCfg = Debug|Win32
		{0C8FE010-5146-44D8-AF99-82702C15FEA5}.Debug|x86.Build.0 = Debug|Win32
		{0C8FE010-5146-44D8-AF99-82702C15FEA5}.Release|x64.ActiveCfg = Release|x64
		{0C8FE010-5146-44D8-AF99-82702C15FEA5}.Release|x64.Build.0 = Release|x64
		{0C8FE010-5146-44D8-AF99-82702C15FEA5}.Release|x86.ActiveCfg = Release|Win32
		{0C8FE010-5146-44D8-AF99-82702C15FEA5}.Release|x86.Build.0 = Release|Win32
		{51318C04-C87B-4D98-B923-F490783AF4A1}.Debug|x64.ActiveCfg = Debug|x64
		{51318C04-C87B-4D98-B923-F490783AF4A1}.Debug|x64.Build.0 = Debug|x64
		{51318C04-C87B-4D98-B923-F490783AF4A1}.Debug|x86.ActiveCfg = Debug|Win32
		{51318C04-C87B-4D98-B923-F490783AF4A1}.Debug|x86.Build.0 = Debug|Win32
		{51318C04-C87B-4D98-B923-F490783AF4A1}.Release|x64.ActiveCfg = Release|x64
		{51318C04-C87B-4D98-B923-F490783AF4A1}.Release|x64.Build.0 = Release|x64
		{51318C04-C87B-4D98-B923-F490783AF4A1}.Release|x86.ActiveCfg = Release|Win32
		{51318C04-C87B-4D98-B923-F490783AF4A1}.Release|x86.Build.0 = Release|Win32
		{840F0BAE-2919-459B-AF91-CB4795DCB69F}.Debug|x64.ActiveCfg = Debug|x64
		{840F0BAE-2919-459B-AF91-CB4795DCB69F}.Debug|x64.Build.0 = Debug|x64
		{840F0BAE-2919-459B-AF91-CB4795DCB69F}.Debug|x86.ActiveCfg = Debug|Win32
		{840F0BAE-2919-459B-AF91-CB4795DCB69F}.Debug|x86.Build.0 = Debug|Win32
		{840F0BAE-2919-459B-AF91-CB4795DCB69F}.Release|x64.ActiveCfg = Release|x64
		{840F0BAE-2919-459B-AF91-CB4795DCB69F}.Release|x64.Build.0 = Release|x64
		{840F0BAE-2919-459B-AF91-CB4795DCB69F}.Release|x86.ActiveCfg = Release|Win32
		{840F0BAE-2919-459B-AF91-CB4795DCB69F}.Release|x86.Build.0 = Release|Win32
		{7F791202-5226-45ED-857B-B4895F726933}.Debug|x64.ActiveCfg = Debug|x64
		{7F791202-5226-45ED-857B-B4895F726933}.Debug|x64.Build.0 = Debug|x64
		{7F791202-5226-45ED-857B-B4895F726933}.Debug|x86.ActiveCfg = Debug|Win32
		{7F791202-5226-45ED-857B-B4895F726933}.Debug|x86.Build.0 = Debug|Win32
		{7F791202-5226-45ED-857B-B4895F726933}.Release|x64.ActiveCfg = Release|x64
		{7F791202-5226-45ED-857B-B4895F726933}.Release|x64.Build.0 = Release|x64
		{7F791202-5226-45ED-857B-B4895F726933}.Release|x86.ActiveCfg = Release|Win32
		{7F791202-5226-45ED-857B-B4895F726933}.Release|x86.Build.0 = Release|Win32
	EndGlobalSection
	GlobalSection(SolutionProperties) = preSolution
		HideSolutionNode = FALSE
	EndGlobalSection
	GlobalSection(ExtensibilityGlobals) = postSolution
		SolutionGuid = {7B058CE3-A89F-4B81-A03A-80D850AF7B9E}
	EndGlobalSection
EndGlobal
